
Microsoft Visual Studio Solution File, Format Version 12.00
# Visual Studio Version 17
VisualStudioVersion = 17.14.36121.58 d17.14
MinimumVisualStudioVersion = 10.0.40219.1
Project("{FAE04EC0-301F-11D3-BF4B-00C04F79EFBC}") = "Demo04", "Demo04\Demo04.csproj", "{C87FD170-C50A-4207-B363-E3CA3E360CEC}"
EndProject
Global
	GlobalSection(SolutionConfigurationPlatforms) = preSolution
		Debug|Any CPU = Debug|Any CPU
		Release|Any CPU = Release|Any CPU
	EndGlobalSection
	GlobalSection(ProjectConfigurationPlatforms) = postSolution
		{C87FD170-C50A-4207-B363-E3CA3E360CEC}.Debug|Any CPU.ActiveCfg = Debug|Any CPU
		{C87FD170-C50A-4207-B363-E3CA3E360CEC}.Debug|Any CPU.Build.0 = Debug|Any CPU
		{C87FD170-C50A-4207-B363-E3CA3E360CEC}.Release|Any CPU.ActiveCfg = Release|Any CPU
		{C87FD170-C50A-4207-B363-E3CA3E360CEC}.Release|Any CPU.Build.0 = Release|Any CPU
	EndGlobalSection
	GlobalSection(SolutionProperties) = preSolution
		HideSolutionNode = FALSE
	EndGlobalSection
	GlobalSection(ExtensibilityGlobals) = postSolution
		SolutionGuid = {6AB3EE7F-109C-46ED-9A3A-91843D1A5C19}
	EndGlobalSection
EndGlobal
